
Microsoft Visual Studio Solution File, Format Version 12.00
# Visual Studio Version 16
VisualStudioVersion = 16.0.30804.86
MinimumVisualStudioVersion = 10.0.40219.1
Project("{FAE04EC0-301F-11D3-BF4B-00C04F79EFBC}") = "Balance Ratios", "Balance Ratios\Balance Ratios.csproj", "{CEA9152F-294F-41D2-9348-4D1669169CB9}"
EndProject
Global
	GlobalSection(SolutionConfigurationPlatforms) = preSolution
		Debug|Any CPU = Debug|Any CPU
		Release|Any CPU = Release|Any CPU
	EndGlobalSection
	GlobalSection(ProjectConfigurationPlatforms) = postSolution
		{CEA9152F-294F-41D2-9348-4D1669169CB9}.Debug|Any CPU.ActiveCfg = Debug|Any CPU
		{CEA9152F-294F-41D2-9348-4D1669169CB9}.Debug|Any CPU.Build.0 = Debug|Any CPU
		{CEA9152F-294F-41D2-9348-4D1669169CB9}.Release|Any CPU.ActiveCfg = Release|Any CPU
		{CEA9152F-294F-41D2-9348-4D1669169CB9}.Release|Any CPU.Build.0 = Release|Any CPU
	EndGlobalSection
	GlobalSection(SolutionProperties) = preSolution
		HideSolutionNode = FALSE
	EndGlobalSection
	GlobalSection(ExtensibilityGlobals) = postSolution
		SolutionGuid = {D1DB0D7A-1AF6-48DC-95E3-37B7E7B560FF}
	EndGlobalSection
EndGlobal
